// !$*UTF8*$!
{
	archiveVersion = 1;
	classes = {
	};
	objectVersion = 46;
	objects = {

/* Begin PBXBuildFile section */
		0B0477CB1D1A68680064CD2D /* AppDelegate.swift in Sources */ = {isa = PBXBuildFile; fileRef = 0B0477CA1D1A68680064CD2D /* AppDelegate.swift */; };
		0B0477D21D1A68680064CD2D /* Assets.xcassets in Resources */ = {isa = PBXBuildFile; fileRef = 0B0477D11D1A68680064CD2D /* Assets.xcassets */; };
		0B0477E81D1A70500064CD2D /* BaseViewController.swift in Sources */ = {isa = PBXBuildFile; fileRef = 0B0477E71D1A70500064CD2D /* BaseViewController.swift */; };
		0B0477EA1D1A71520064CD2D /* DiscoverViewController.swift in Sources */ = {isa = PBXBuildFile; fileRef = 0B0477E91D1A71520064CD2D /* DiscoverViewController.swift */; };
		0B0477EC1D1A715E0064CD2D /* HomeViewController.swift in Sources */ = {isa = PBXBuildFile; fileRef = 0B0477EB1D1A715E0064CD2D /* HomeViewController.swift */; };
		0B0477EE1D1A71660064CD2D /* MessageViewController.swift in Sources */ = {isa = PBXBuildFile; fileRef = 0B0477ED1D1A71660064CD2D /* MessageViewController.swift */; };
		0B0477F01D1A716F0064CD2D /* ProfileViewController.swift in Sources */ = {isa = PBXBuildFile; fileRef = 0B0477EF1D1A716F0064CD2D /* ProfileViewController.swift */; };
		0B0477F21D1A71CF0064CD2D /* BaseTabBarViewController.swift in Sources */ = {isa = PBXBuildFile; fileRef = 0B0477F11D1A71CF0064CD2D /* BaseTabBarViewController.swift */; };
		0B0477F41D1A71E10064CD2D /* BaseNavigationViewController.swift in Sources */ = {isa = PBXBuildFile; fileRef = 0B0477F31D1A71E10064CD2D /* BaseNavigationViewController.swift */; };
		0B0477F71D1A96F10064CD2D /* SendViewController.swift in Sources */ = {isa = PBXBuildFile; fileRef = 0B0477F61D1A96F10064CD2D /* SendViewController.swift */; };
		0B68D7A81D22186F0052B4C7 /* NaviTitleButton.swift in Sources */ = {isa = PBXBuildFile; fileRef = 0B68D7A71D22186F0052B4C7 /* NaviTitleButton.swift */; };
		0B6B87641D1BBDC700969349 /* VCSettings.json in Resources */ = {isa = PBXBuildFile; fileRef = 0B6B87631D1BBDC700969349 /* VCSettings.json */; };
		0B6B87661D1BE15500969349 /* VisitorView.swift in Sources */ = {isa = PBXBuildFile; fileRef = 0B6B87651D1BE15500969349 /* VisitorView.swift */; };
		0B74F2D01D23CCB100B6C93C /* PopAnimation.swift in Sources */ = {isa = PBXBuildFile; fileRef = 0B74F2CD1D23CCB100B6C93C /* PopAnimation.swift */; };
		0B74F2D11D23CCB100B6C93C /* PopPresentationController.swift in Sources */ = {isa = PBXBuildFile; fileRef = 0B74F2CE1D23CCB100B6C93C /* PopPresentationController.swift */; };
		0B74F2D21D23CCB100B6C93C /* PopViewController.swift in Sources */ = {isa = PBXBuildFile; fileRef = 0B74F2CF1D23CCB100B6C93C /* PopViewController.swift */; };
		0B74F2D51D23CD7300B6C93C /* QRCodeViewController.swift in Sources */ = {isa = PBXBuildFile; fileRef = 0B74F2D41D23CD7300B6C93C /* QRCodeViewController.swift */; };
		0BC1CDDB1D21301100CE2829 /* UIBarButtonItem+Extension.swift in Sources */ = {isa = PBXBuildFile; fileRef = 0BC1CDDA1D21301100CE2829 /* UIBarButtonItem+Extension.swift */; };
		53F50A4F0C4470E6B1801ED3 /* Pods_Weibo.framework in Frameworks */ = {isa = PBXBuildFile; fileRef = FF310047B634668FE7F4159B /* Pods_Weibo.framework */; };
/* End PBXBuildFile section */

/* Begin PBXFileReference section */
		0B0477C71D1A68680064CD2D /* Weibo.app */ = {isa = PBXFileReference; explicitFileType = wrapper.application; includeInIndex = 0; path = Weibo.app; sourceTree = BUILT_PRODUCTS_DIR; };
		0B0477CA1D1A68680064CD2D /* AppDelegate.swift */ = {isa = PBXFileReference; lastKnownFileType = sourcecode.swift; path = AppDelegate.swift; sourceTree = "<group>"; };
		0B0477D11D1A68680064CD2D /* Assets.xcassets */ = {isa = PBXFileReference; lastKnownFileType = folder.assetcatalog; path = Assets.xcassets; sourceTree = "<group>"; };
		0B0477D61D1A68680064CD2D /* Info.plist */ = {isa = PBXFileReference; lastKnownFileType = text.plist.xml; path = Info.plist; sourceTree = "<group>"; };
		0B0477E71D1A70500064CD2D /* BaseViewController.swift */ = {isa = PBXFileReference; fileEncoding = 4; lastKnownFileType = sourcecode.swift; path = BaseViewController.swift; sourceTree = "<group>"; };
		0B0477E91D1A71520064CD2D /* DiscoverViewController.swift */ = {isa = PBXFileReference; fileEncoding = 4; lastKnownFileType = sourcecode.swift; path = DiscoverViewController.swift; sourceTree = "<group>"; };
		0B0477EB1D1A715E0064CD2D /* HomeViewController.swift */ = {isa = PBXFileReference; fileEncoding = 4; lastKnownFileType = sourcecode.swift; path = HomeViewController.swift; sourceTree = "<group>"; };
		0B0477ED1D1A71660064CD2D /* MessageViewController.swift */ = {isa = PBXFileReference; fileEncoding = 4; lastKnownFileType = sourcecode.swift; path = MessageViewController.swift; sourceTree = "<group>"; };
		0B0477EF1D1A716F0064CD2D /* ProfileViewController.swift */ = {isa = PBXFileReference; fileEncoding = 4; lastKnownFileType = sourcecode.swift; path = ProfileViewController.swift; sourceTree = "<group>"; };
		0B0477F11D1A71CF0064CD2D /* BaseTabBarViewController.swift */ = {isa = PBXFileReference; fileEncoding = 4; lastKnownFileType = sourcecode.swift; path = BaseTabBarViewController.swift; sourceTree = "<group>"; };
		0B0477F31D1A71E10064CD2D /* BaseNavigationViewController.swift */ = {isa = PBXFileReference; fileEncoding = 4; lastKnownFileType = sourcecode.swift; path = BaseNavigationViewController.swift; sourceTree = "<group>"; };
		0B0477F61D1A96F10064CD2D /* SendViewController.swift */ = {isa = PBXFileReference; fileEncoding = 4; lastKnownFileType = sourcecode.swift; path = SendViewController.swift; sourceTree = "<group>"; };
		0B68D7A71D22186F0052B4C7 /* NaviTitleButton.swift */ = {isa = PBXFileReference; fileEncoding = 4; lastKnownFileType = sourcecode.swift; path = NaviTitleButton.swift; sourceTree = "<group>"; };
		0B6B87631D1BBDC700969349 /* VCSettings.json */ = {isa = PBXFileReference; fileEncoding = 4; lastKnownFileType = text.json; path = VCSettings.json; sourceTree = "<group>"; };
		0B6B87651D1BE15500969349 /* VisitorView.swift */ = {isa = PBXFileReference; fileEncoding = 4; lastKnownFileType = sourcecode.swift; path = VisitorView.swift; sourceTree = "<group>"; };
		0B74F2CD1D23CCB100B6C93C /* PopAnimation.swift */ = {isa = PBXFileReference; fileEncoding = 4; lastKnownFileType = sourcecode.swift; path = PopAnimation.swift; sourceTree = "<group>"; };
		0B74F2CE1D23CCB100B6C93C /* PopPresentationController.swift */ = {isa = PBXFileReference; fileEncoding = 4; lastKnownFileType = sourcecode.swift; path = PopPresentationController.swift; sourceTree = "<group>"; };
		0B74F2CF1D23CCB100B6C93C /* PopViewController.swift */ = {isa = PBXFileReference; fileEncoding = 4; lastKnownFileType = sourcecode.swift; path = PopViewController.swift; sourceTree = "<group>"; };
		0B74F2D41D23CD7300B6C93C /* QRCodeViewController.swift */ = {isa = PBXFileReference; fileEncoding = 4; lastKnownFileType = sourcecode.swift; path = QRCodeViewController.swift; sourceTree = "<group>"; };
		0BC1CDDA1D21301100CE2829 /* UIBarButtonItem+Extension.swift */ = {isa = PBXFileReference; fileEncoding = 4; lastKnownFileType = sourcecode.swift; path = "UIBarButtonItem+Extension.swift"; sourceTree = "<group>"; };
		2E539A274CD47ED8A9A8A4D3 /* Pods-Weibo.release.xcconfig */ = {isa = PBXFileReference; includeInIndex = 1; lastKnownFileType = text.xcconfig; name = "Pods-Weibo.release.xcconfig"; path = "Pods/Target Support Files/Pods-Weibo/Pods-Weibo.release.xcconfig"; sourceTree = "<group>"; };
		F306C0E2F6838857B487F533 /* Pods-Weibo.debug.xcconfig */ = {isa = PBXFileReference; includeInIndex = 1; lastKnownFileType = text.xcconfig; name = "Pods-Weibo.debug.xcconfig"; path = "Pods/Target Support Files/Pods-Weibo/Pods-Weibo.debug.xcconfig"; sourceTree = "<group>"; };
		FF310047B634668FE7F4159B /* Pods_Weibo.framework */ = {isa = PBXFileReference; explicitFileType = wrapper.framework; includeInIndex = 0; path = Pods_Weibo.framework; sourceTree = BUILT_PRODUCTS_DIR; };
/* End PBXFileReference section */

/* Begin PBXFrameworksBuildPhase section */
		0B0477C41D1A68680064CD2D /* Frameworks */ = {
			isa = PBXFrameworksBuildPhase;
			buildActionMask = 2147483647;
			files = (
				53F50A4F0C4470E6B1801ED3 /* Pods_Weibo.framework in Frameworks */,
			);
			runOnlyForDeploymentPostprocessing = 0;
		};
/* End PBXFrameworksBuildPhase section */

/* Begin PBXGroup section */
		0B0477BE1D1A68680064CD2D = {
			isa = PBXGroup;
			children = (
				0B0477C91D1A68680064CD2D /* Weibo */,
				0B0477C81D1A68680064CD2D /* Products */,
				BA88E30441D8C8F322688AD6 /* Pods */,
				69F0D7A88499B77059E970C0 /* Frameworks */,
			);
			sourceTree = "<group>";
		};
		0B0477C81D1A68680064CD2D /* Products */ = {
			isa = PBXGroup;
			children = (
				0B0477C71D1A68680064CD2D /* Weibo.app */,
			);
			name = Products;
			sourceTree = "<group>";
		};
		0B0477C91D1A68680064CD2D /* Weibo */ = {
			isa = PBXGroup;
			children = (
				0B0477CA1D1A68680064CD2D /* AppDelegate.swift */,
				0B0477E11D1A70300064CD2D /* Main */,
				0B0477DE1D1A70300064CD2D /* Lib */,
				0B0477D11D1A68680064CD2D /* Assets.xcassets */,
				0B0477D61D1A68680064CD2D /* Info.plist */,
			);
			path = Weibo;
			sourceTree = "<group>";
		};
		0B0477DE1D1A70300064CD2D /* Lib */ = {
			isa = PBXGroup;
			children = (
				0B0477DF1D1A70300064CD2D /* Common */,
				0B0477E01D1A70300064CD2D /* Tools */,
			);
			path = Lib;
			sourceTree = "<group>";
		};
		0B0477DF1D1A70300064CD2D /* Common */ = {
			isa = PBXGroup;
			children = (
				0BC1CDDA1D21301100CE2829 /* UIBarButtonItem+Extension.swift */,
				0B68D7A71D22186F0052B4C7 /* NaviTitleButton.swift */,
			);
			path = Common;
			sourceTree = "<group>";
		};
		0B0477E01D1A70300064CD2D /* Tools */ = {
			isa = PBXGroup;
			children = (
			);
			path = Tools;
			sourceTree = "<group>";
		};
		0B0477E11D1A70300064CD2D /* Main */ = {
			isa = PBXGroup;
			children = (
				0B0477E21D1A70300064CD2D /* Base */,
				0B0477E41D1A70300064CD2D /* Home */,
				0B0477E51D1A70300064CD2D /* Message */,
				0B0477F51D1A96E20064CD2D /* Send */,
				0B0477E31D1A70300064CD2D /* Discover */,
				0B0477E61D1A70300064CD2D /* Profile */,
			);
			path = Main;
			sourceTree = "<group>";
		};
		0B0477E21D1A70300064CD2D /* Base */ = {
			isa = PBXGroup;
			children = (
				0B6B87631D1BBDC700969349 /* VCSettings.json */,
				0B0477F11D1A71CF0064CD2D /* BaseTabBarViewController.swift */,
				0B0477E71D1A70500064CD2D /* BaseViewController.swift */,
				0B0477F31D1A71E10064CD2D /* BaseNavigationViewController.swift */,
				0B6B87651D1BE15500969349 /* VisitorView.swift */,
			);
			path = Base;
			sourceTree = "<group>";
		};
		0B0477E31D1A70300064CD2D /* Discover */ = {
			isa = PBXGroup;
			children = (
				0B0477E91D1A71520064CD2D /* DiscoverViewController.swift */,
			);
			path = Discover;
			sourceTree = "<group>";
		};
		0B0477E41D1A70300064CD2D /* Home */ = {
			isa = PBXGroup;
			children = (
				0B0477EB1D1A715E0064CD2D /* HomeViewController.swift */,
				0B74F2CC1D23CCB100B6C93C /* PopGroup */,
				0B74F2D31D23CCCF00B6C93C /* QRCode */,
			);
			path = Home;
			sourceTree = "<group>";
		};
		0B0477E51D1A70300064CD2D /* Message */ = {
			isa = PBXGroup;
			children = (
				0B0477ED1D1A71660064CD2D /* MessageViewController.swift */,
			);
			path = Message;
			sourceTree = "<group>";
		};
		0B0477E61D1A70300064CD2D /* Profile */ = {
			isa = PBXGroup;
			children = (
				0B0477EF1D1A716F0064CD2D /* ProfileViewController.swift */,
			);
			path = Profile;
			sourceTree = "<group>";
		};
		0B0477F51D1A96E20064CD2D /* Send */ = {
			isa = PBXGroup;
			children = (
				0B0477F61D1A96F10064CD2D /* SendViewController.swift */,
			);
			path = Send;
			sourceTree = "<group>";
		};
		0B74F2CC1D23CCB100B6C93C /* PopGroup */ = {
			isa = PBXGroup;
			children = (
				0B74F2CD1D23CCB100B6C93C /* PopAnimation.swift */,
				0B74F2CE1D23CCB100B6C93C /* PopPresentationController.swift */,
				0B74F2CF1D23CCB100B6C93C /* PopViewController.swift */,
			);
			path = PopGroup;
			sourceTree = "<group>";
		};
		0B74F2D31D23CCCF00B6C93C /* QRCode */ = {
			isa = PBXGroup;
			children = (
				0B74F2D41D23CD7300B6C93C /* QRCodeViewController.swift */,
			);
			path = QRCode;
			sourceTree = "<group>";
		};
		69F0D7A88499B77059E970C0 /* Frameworks */ = {
			isa = PBXGroup;
			children = (
				FF310047B634668FE7F4159B /* Pods_Weibo.framework */,
			);
			name = Frameworks;
			sourceTree = "<group>";
		};
		BA88E30441D8C8F322688AD6 /* Pods */ = {
			isa = PBXGroup;
			children = (
				F306C0E2F6838857B487F533 /* Pods-Weibo.debug.xcconfig */,
				2E539A274CD47ED8A9A8A4D3 /* Pods-Weibo.release.xcconfig */,
			);
			name = Pods;
			sourceTree = "<group>";
		};
/* End PBXGroup section */

/* Begin PBXNativeTarget section */
		0B0477C61D1A68680064CD2D /* Weibo */ = {
			isa = PBXNativeTarget;
			buildConfigurationList = 0B0477D91D1A68680064CD2D /* Build configuration list for PBXNativeTarget "Weibo" */;
			buildPhases = (
				90A3291FEFF5AA66D148EFE4 /* [CP] Check Pods Manifest.lock */,
				0B0477C31D1A68680064CD2D /* Sources */,
				0B0477C41D1A68680064CD2D /* Frameworks */,
				0B0477C51D1A68680064CD2D /* Resources */,
				6942FCD372E998AAC24BB39A /* [CP] Embed Pods Frameworks */,
				79D09E748EF79C36A5FD16EF /* [CP] Copy Pods Resources */,
			);
			buildRules = (
			);
			dependencies = (
			);
			name = Weibo;
			productName = Weibo;
			productReference = 0B0477C71D1A68680064CD2D /* Weibo.app */;
			productType = "com.apple.product-type.application";
		};
/* End PBXNativeTarget section */

/* Begin PBXProject section */
		0B0477BF1D1A68680064CD2D /* Project object */ = {
			isa = PBXProject;
			attributes = {
				LastSwiftUpdateCheck = 0730;
				LastUpgradeCheck = 0730;
				ORGANIZATIONNAME = ldy;
				TargetAttributes = {
					0B0477C61D1A68680064CD2D = {
						CreatedOnToolsVersion = 7.3.1;
						DevelopmentTeam = 3M3CEE7XGF;
					};
				};
			};
			buildConfigurationList = 0B0477C21D1A68680064CD2D /* Build configuration list for PBXProject "Weibo" */;
			compatibilityVersion = "Xcode 3.2";
			developmentRegion = English;
			hasScannedForEncodings = 0;
			knownRegions = (
				en,
				Base,
			);
			mainGroup = 0B0477BE1D1A68680064CD2D;
			productRefGroup = 0B0477C81D1A68680064CD2D /* Products */;
			projectDirPath = "";
			projectRoot = "";
			targets = (
				0B0477C61D1A68680064CD2D /* Weibo */,
			);
		};
/* End PBXProject section */

/* Begin PBXResourcesBuildPhase section */
		0B0477C51D1A68680064CD2D /* Resources */ = {
			isa = PBXResourcesBuildPhase;
			buildActionMask = 2147483647;
			files = (
				0B6B87641D1BBDC700969349 /* VCSettings.json in Resources */,
				0B0477D21D1A68680064CD2D /* Assets.xcassets in Resources */,
			);
			runOnlyForDeploymentPostprocessing = 0;
		};
/* End PBXResourcesBuildPhase section */

/* Begin PBXShellScriptBuildPhase section */
		6942FCD372E998AAC24BB39A /* [CP] Embed Pods Frameworks */ = {
			isa = PBXShellScriptBuildPhase;
			buildActionMask = 2147483647;
			files = (
			);
			inputPaths = (
			);
			name = "[CP] Embed Pods Frameworks";
			outputPaths = (
			);
			runOnlyForDeploymentPostprocessing = 0;
			shellPath = /bin/sh;
			shellScript = "\"${SRCROOT}/Pods/Target Support Files/Pods-Weibo/Pods-Weibo-frameworks.sh\"\n";
			showEnvVarsInLog = 0;
		};
		79D09E748EF79C36A5FD16EF /* [CP] Copy Pods Resources */ = {
			isa = PBXShellScriptBuildPhase;
			buildActionMask = 2147483647;
			files = (
			);
			inputPaths = (
			);
			name = "[CP] Copy Pods Resources";
			outputPaths = (
			);
			runOnlyForDeploymentPostprocessing = 0;
			shellPath = /bin/sh;
			shellScript = "\"${SRCROOT}/Pods/Target Support Files/Pods-Weibo/Pods-Weibo-resources.sh\"\n";
			showEnvVarsInLog = 0;
		};
		90A3291FEFF5AA66D148EFE4 /* [CP] Check Pods Manifest.lock */ = {
			isa = PBXShellScriptBuildPhase;
			buildActionMask = 2147483647;
			files = (
			);
			inputPaths = (
			);
			name = "[CP] Check Pods Manifest.lock";
			outputPaths = (
			);
			runOnlyForDeploymentPostprocessing = 0;
			shellPath = /bin/sh;
			shellScript = "diff \"${PODS_ROOT}/../Podfile.lock\" \"${PODS_ROOT}/Manifest.lock\" > /dev/null\nif [[ $? != 0 ]] ; then\n    cat << EOM\nerror: The sandbox is not in sync with the Podfile.lock. Run 'pod install' or update your CocoaPods installation.\nEOM\n    exit 1\nfi\n";
			showEnvVarsInLog = 0;
		};
/* End PBXShellScriptBuildPhase section */

/* Begin PBXSourcesBuildPhase section */
		0B0477C31D1A68680064CD2D /* Sources */ = {
			isa = PBXSourcesBuildPhase;
			buildActionMask = 2147483647;
			files = (
				0B0477EC1D1A715E0064CD2D /* HomeViewController.swift in Sources */,
				0B74F2D11D23CCB100B6C93C /* PopPresentationController.swift in Sources */,
				0B74F2D51D23CD7300B6C93C /* QRCodeViewController.swift in Sources */,
				0B74F2D21D23CCB100B6C93C /* PopViewController.swift in Sources */,
				0B0477EA1D1A71520064CD2D /* DiscoverViewController.swift in Sources */,
				0B74F2D01D23CCB100B6C93C /* PopAnimation.swift in Sources */,
				0B0477F71D1A96F10064CD2D /* SendViewController.swift in Sources */,
				0B0477CB1D1A68680064CD2D /* AppDelegate.swift in Sources */,
				0B68D7A81D22186F0052B4C7 /* NaviTitleButton.swift in Sources */,
				0B0477F01D1A716F0064CD2D /* ProfileViewController.swift in Sources */,
				0B0477EE1D1A71660064CD2D /* MessageViewController.swift in Sources */,
				0B0477F41D1A71E10064CD2D /* BaseNavigationViewController.swift in Sources */,
				0B6B87661D1BE15500969349 /* VisitorView.swift in Sources */,
				0B0477E81D1A70500064CD2D /* BaseViewController.swift in Sources */,
				0B0477F21D1A71CF0064CD2D /* BaseTabBarViewController.swift in Sources */,
				0BC1CDDB1D21301100CE2829 /* UIBarButtonItem+Extension.swift in Sources */,
			);
			runOnlyForDeploymentPostprocessing = 0;
		};
/* End PBXSourcesBuildPhase section */

/* Begin XCBuildConfiguration section */
		0B0477D71D1A68680064CD2D /* Debug */ = {
			isa = XCBuildConfiguration;
			buildSettings = {
				ALWAYS_SEARCH_USER_PATHS = NO;
				CLANG_ANALYZER_NONNULL = YES;
				CLANG_CXX_LANGUAGE_STANDARD = "gnu++0x";
				CLANG_CXX_LIBRARY = "libc++";
				CLANG_ENABLE_MODULES = YES;
				CLANG_ENABLE_OBJC_ARC = YES;
				CLANG_WARN_BOOL_CONVERSION = YES;
				CLANG_WARN_CONSTANT_CONVERSION = YES;
				CLANG_WARN_DIRECT_OBJC_ISA_USAGE = YES_ERROR;
				CLANG_WARN_EMPTY_BODY = YES;
				CLANG_WARN_ENUM_CONVERSION = YES;
				CLANG_WARN_INT_CONVERSION = YES;
				CLANG_WARN_OBJC_ROOT_CLASS = YES_ERROR;
				CLANG_WARN_UNREACHABLE_CODE = YES;
				CLANG_WARN__DUPLICATE_METHOD_MATCH = YES;
				"CODE_SIGN_IDENTITY[sdk=iphoneos*]" = "iPhone Developer";
				COPY_PHASE_STRIP = NO;
				DEBUG_INFORMATION_FORMAT = dwarf;
				ENABLE_STRICT_OBJC_MSGSEND = YES;
				ENABLE_TESTABILITY = YES;
				GCC_C_LANGUAGE_STANDARD = gnu99;
				GCC_DYNAMIC_NO_PIC = NO;
				GCC_NO_COMMON_BLOCKS = YES;
				GCC_OPTIMIZATION_LEVEL = 0;
				GCC_PREPROCESSOR_DEFINITIONS = (
					"DEBUG=1",
					"$(inherited)",
				);
				GCC_WARN_64_TO_32_BIT_CONVERSION = YES;
				GCC_WARN_ABOUT_RETURN_TYPE = YES_ERROR;
				GCC_WARN_UNDECLARED_SELECTOR = YES;
				GCC_WARN_UNINITIALIZED_AUTOS = YES_AGGRESSIVE;
				GCC_WARN_UNUSED_FUNCTION = YES;
				GCC_WARN_UNUSED_VARIABLE = YES;
				IPHONEOS_DEPLOYMENT_TARGET = 9.3;
				MTL_ENABLE_DEBUG_INFO = YES;
				ONLY_ACTIVE_ARCH = YES;
				SDKROOT = iphoneos;
				SWIFT_OPTIMIZATION_LEVEL = "-Onone";
			};
			name = Debug;
		};
		0B0477D81D1A68680064CD2D /* Release */ = {
			isa = XCBuildConfiguration;
			buildSettings = {
				ALWAYS_SEARCH_USER_PATHS = NO;
				CLANG_ANALYZER_NONNULL = YES;
				CLANG_CXX_LANGUAGE_STANDARD = "gnu++0x";
				CLANG_CXX_LIBRARY = "libc++";
				CLANG_ENABLE_MODULES = YES;
				CLANG_ENABLE_OBJC_ARC = YES;
				CLANG_WARN_BOOL_CONVERSION = YES;
				CLANG_WARN_CONSTANT_CONVERSION = YES;
				CLANG_WARN_DIRECT_OBJC_ISA_USAGE = YES_ERROR;
				CLANG_WARN_EMPTY_BODY = YES;
				CLANG_WARN_ENUM_CONVERSION = YES;
				CLANG_WARN_INT_CONVERSION = YES;
				CLANG_WARN_OBJC_ROOT_CLASS = YES_ERROR;
				CLANG_WARN_UNREACHABLE_CODE = YES;
				CLANG_WARN__DUPLICATE_METHOD_MATCH = YES;
				"CODE_SIGN_IDENTITY[sdk=iphoneos*]" = "iPhone Developer";
				COPY_PHASE_STRIP = NO;
				DEBUG_INFORMATION_FORMAT = "dwarf-with-dsym";
				ENABLE_NS_ASSERTIONS = NO;
				ENABLE_STRICT_OBJC_MSGSEND = YES;
				GCC_C_LANGUAGE_STANDARD = gnu99;
				GCC_NO_COMMON_BLOCKS = YES;
				GCC_WARN_64_TO_32_BIT_CONVERSION = YES;
				GCC_WARN_ABOUT_RETURN_TYPE = YES_ERROR;
				GCC_WARN_UNDECLARED_SELECTOR = YES;
				GCC_WARN_UNINITIALIZED_AUTOS = YES_AGGRESSIVE;
				GCC_WARN_UNUSED_FUNCTION = YES;
				GCC_WARN_UNUSED_VARIABLE = YES;
				IPHONEOS_DEPLOYMENT_TARGET = 9.3;
				MTL_ENABLE_DEBUG_INFO = NO;
				SDKROOT = iphoneos;
				VALIDATE_PRODUCT = YES;
			};
			name = Release;
		};
		0B0477DA1D1A68680064CD2D /* Debug */ = {
			isa = XCBuildConfiguration;
			baseConfigurationReference = F306C0E2F6838857B487F533 /* Pods-Weibo.debug.xcconfig */;
			buildSettings = {
				ASSETCATALOG_COMPILER_APPICON_NAME = AppIcon;
				ASSETCATALOG_COMPILER_LAUNCHIMAGE_NAME = LaunchImage;
				INFOPLIST_FILE = Weibo/Info.plist;
				IPHONEOS_DEPLOYMENT_TARGET = 8.2;
				LD_RUNPATH_SEARCH_PATHS = "$(inherited) @executable_path/Frameworks";
				PRODUCT_BUNDLE_IDENTIFIER = com.asia.mvnedaily.Weibo;
				PRODUCT_NAME = "$(TARGET_NAME)";
			};
			name = Debug;
		};
		0B0477DB1D1A68680064CD2D /* Release */ = {
			isa = XCBuildConfiguration;
			baseConfigurationReference = 2E539A274CD47ED8A9A8A4D3 /* Pods-Weibo.release.xcconfig */;
			buildSettings = {
				ASSETCATALOG_COMPILER_APPICON_NAME = AppIcon;
				ASSETCATALOG_COMPILER_LAUNCHIMAGE_NAME = LaunchImage;
				INFOPLIST_FILE = Weibo/Info.plist;
				IPHONEOS_DEPLOYMENT_TARGET = 8.2;
				LD_RUNPATH_SEARCH_PATHS = "$(inherited) @executable_path/Frameworks";
				PRODUCT_BUNDLE_IDENTIFIER = com.asia.mvnedaily.Weibo;
				PRODUCT_NAME = "$(TARGET_NAME)";
			};
			name = Release;
		};
/* End XCBuildConfiguration section */

/* Begin XCConfigurationList section */
		0B0477C21D1A68680064CD2D /* Build configuration list for PBXProject "Weibo" */ = {
			isa = XCConfigurationList;
			buildConfigurations = (
				0B0477D71D1A68680064CD2D /* Debug */,
				0B0477D81D1A68680064CD2D /* Release */,
			);
			defaultConfigurationIsVisible = 0;
			defaultConfigurationName = Release;
		};
		0B0477D91D1A68680064CD2D /* Build configuration list for PBXNativeTarget "Weibo" */ = {
			isa = XCConfigurationList;
			buildConfigurations = (
				0B0477DA1D1A68680064CD2D /* Debug */,
				0B0477DB1D1A68680064CD2D /* Release */,
			);
			defaultConfigurationIsVisible = 0;
			defaultConfigurationName = Release;
		};
/* End XCConfigurationList section */
	};
	rootObject = 0B0477BF1D1A68680064CD2D /* Project object */;
}
